github.com/opentelekomcloud-community/otc-functiongraph-go-runtime v0.0.0-20251022103732-4f9a08818827 h1:i8EwRFdBeCBm9SmtfjHY9bo6V9DIwYdWKfCVnsRLecs=
github.com/opentelekomcloud-community/otc-functiongraph-go-runtime v0.0.0-20251022103732-4f9a08818827/go.mod h1:nke697MlTvIsxIrFmD5CEO0G6w7/gdlG0o67tiefgik=
